
Microsoft Visual Studio Solution File, Format Version 12.00
Project("{FAE04EC0-301F-11D3-BF4B-00C04F79EFBC}") = "VeriWork-Admin", "VeriWork-Admin.csproj", "{5E689943-2A62-4824-92DF-A0A2FF648950}"
EndProject
Global
	GlobalSection(SolutionConfigurationPlatforms) = preSolution
		Debug|Any CPU = Debug|Any CPU
		Release|Any CPU = Release|Any CPU
	EndGlobalSection
	GlobalSection(ProjectConfigurationPlatforms) = postSolution
		{5E689943-2A62-4824-92DF-A0A2FF648950}.Debug|Any CPU.ActiveCfg = Debug|Any CPU
		{5E689943-2A62-4824-92DF-A0A2FF648950}.Debug|Any CPU.Build.0 = Debug|Any CPU
		{5E689943-2A62-4824-92DF-A0A2FF648950}.Release|Any CPU.ActiveCfg = Release|Any CPU
		{5E689943-2A62-4824-92DF-A0A2FF648950}.Release|Any CPU.Build.0 = Release|Any CPU
	EndGlobalSection
EndGlobal
